// !$*UTF8*$!
{
	archiveVersion = 1;
	classes = {
	};
	objectVersion = 46;
	objects = {

/* Begin PBXBuildFile section */
		02120616627B816702F89E77 /* Pods_longform.framework in Frameworks */ = {isa = PBXBuildFile; fileRef = D6BF781B0BE192981018780D /* Pods_longform.framework */; };
		049574441E0514E6005AC19D /* ShuffleManager.swift in Sources */ = {isa = PBXBuildFile; fileRef = 049574431E0514E6005AC19D /* ShuffleManager.swift */; };
		049574461E053558005AC19D /* Player.swift in Sources */ = {isa = PBXBuildFile; fileRef = 049574451E053558005AC19D /* Player.swift */; };
		04D077C51E047E7A00668501 /* AppDelegate.swift in Sources */ = {isa = PBXBuildFile; fileRef = 04D077C41E047E7A00668501 /* AppDelegate.swift */; };
		04D077C71E047E7A00668501 /* ViewController.swift in Sources */ = {isa = PBXBuildFile; fileRef = 04D077C61E047E7A00668501 /* ViewController.swift */; };
		04D077CA1E047E7A00668501 /* Main.storyboard in Resources */ = {isa = PBXBuildFile; fileRef = 04D077C81E047E7A00668501 /* Main.storyboard */; };
		04D077CC1E047E7A00668501 /* Assets.xcassets in Resources */ = {isa = PBXBuildFile; fileRef = 04D077CB1E047E7A00668501 /* Assets.xcassets */; };
		04D077CF1E047E7A00668501 /* LaunchScreen.storyboard in Resources */ = {isa = PBXBuildFile; fileRef = 04D077CD1E047E7A00668501 /* LaunchScreen.storyboard */; };
/* End PBXBuildFile section */

/* Begin PBXFileReference section */
		049574431E0514E6005AC19D /* ShuffleManager.swift */ = {isa = PBXFileReference; fileEncoding = 4; lastKnownFileType = sourcecode.swift; path = ShuffleManager.swift; sourceTree = "<group>"; };
		049574451E053558005AC19D /* Player.swift */ = {isa = PBXFileReference; fileEncoding = 4; lastKnownFileType = sourcecode.swift; path = Player.swift; sourceTree = "<group>"; };
		04D077C11E047E7A00668501 /* longform.app */ = {isa = PBXFileReference; explicitFileType = wrapper.application; includeInIndex = 0; path = longform.app; sourceTree = BUILT_PRODUCTS_DIR; };
		04D077C41E047E7A00668501 /* AppDelegate.swift */ = {isa = PBXFileReference; lastKnownFileType = sourcecode.swift; path = AppDelegate.swift; sourceTree = "<group>"; };
		04D077C61E047E7A00668501 /* ViewController.swift */ = {isa = PBXFileReference; lastKnownFileType = sourcecode.swift; path = ViewController.swift; sourceTree = "<group>"; };
		04D077C91E047E7A00668501 /* Base */ = {isa = PBXFileReference; lastKnownFileType = file.storyboard; name = Base; path = Base.lproj/Main.storyboard; sourceTree = "<group>"; };
		04D077CB1E047E7A00668501 /* Assets.xcassets */ = {isa = PBXFileReference; lastKnownFileType = folder.assetcatalog; path = Assets.xcassets; sourceTree = "<group>"; };
		04D077CE1E047E7A00668501 /* Base */ = {isa = PBXFileReference; lastKnownFileType = file.storyboard; name = Base; path = Base.lproj/LaunchScreen.storyboard; sourceTree = "<group>"; };
		04D077D01E047E7A00668501 /* Info.plist */ = {isa = PBXFileReference; lastKnownFileType = text.plist.xml; path = Info.plist; sourceTree = "<group>"; };
		25B4666167AE9D19127C30EE /* Pods-longform.release.xcconfig */ = {isa = PBXFileReference; includeInIndex = 1; lastKnownFileType = text.xcconfig; name = "Pods-longform.release.xcconfig"; path = "Pods/Target Support Files/Pods-longform/Pods-longform.release.xcconfig"; sourceTree = "<group>"; };
		803EB5D6DBB2B7A4F16B15B8 /* Pods-longform.debug.xcconfig */ = {isa = PBXFileReference; includeInIndex = 1; lastKnownFileType = text.xcconfig; name = "Pods-longform.debug.xcconfig"; path = "Pods/Target Support Files/Pods-longform/Pods-longform.debug.xcconfig"; sourceTree = "<group>"; };
		D6BF781B0BE192981018780D /* Pods_longform.framework */ = {isa = PBXFileReference; explicitFileType = wrapper.framework; includeInIndex = 0; path = Pods_longform.framework; sourceTree = BUILT_PRODUCTS_DIR; };
/* End PBXFileReference section */

/* Begin PBXFrameworksBuildPhase section */
		04D077BE1E047E7A00668501 /* Frameworks */ = {
			isa = PBXFrameworksBuildPhase;
			buildActionMask = 2147483647;
			files = (
				02120616627B816702F89E77 /* Pods_longform.framework in Frameworks */,
			);
			runOnlyForDeploymentPostprocessing = 0;
		};
/* End PBXFrameworksBuildPhase section */

/* Begin PBXGroup section */
		04D077B81E047E7A00668501 = {
			isa = PBXGroup;
			children = (
				04D077C31E047E7A00668501 /* longform */,
				04D077C21E047E7A00668501 /* Products */,
				7C4C15E2AB9DEEBB2CC3DE19 /* Pods */,
				527121C4F579F5B0C108F67B /* Frameworks */,
			);
			sourceTree = "<group>";
		};
		04D077C21E047E7A00668501 /* Products */ = {
			isa = PBXGroup;
			children = (
				04D077C11E047E7A00668501 /* longform.app */,
			);
			name = Products;
			sourceTree = "<group>";
		};
		04D077C31E047E7A00668501 /* longform */ = {
			isa = PBXGroup;
			children = (
				04D077C41E047E7A00668501 /* AppDelegate.swift */,
				04D077C61E047E7A00668501 /* ViewController.swift */,
				04D077C81E047E7A00668501 /* Main.storyboard */,
				04D077CB1E047E7A00668501 /* Assets.xcassets */,
				04D077CD1E047E7A00668501 /* LaunchScreen.storyboard */,
				04D077D01E047E7A00668501 /* Info.plist */,
				049574431E0514E6005AC19D /* ShuffleManager.swift */,
				049574451E053558005AC19D /* Player.swift */,
			);
			path = longform;
			sourceTree = "<group>";
		};
		527121C4F579F5B0C108F67B /* Frameworks */ = {
			isa = PBXGroup;
			children = (
				D6BF781B0BE192981018780D /* Pods_longform.framework */,
			);
			name = Frameworks;
			sourceTree = "<group>";
		};
		7C4C15E2AB9DEEBB2CC3DE19 /* Pods */ = {
			isa = PBXGroup;
			children = (
				803EB5D6DBB2B7A4F16B15B8 /* Pods-longform.debug.xcconfig */,
				25B4666167AE9D19127C30EE /* Pods-longform.release.xcconfig */,
			);
			name = Pods;
			sourceTree = "<group>";
		};
/* End PBXGroup section */

/* Begin PBXNativeTarget section */
		04D077C01E047E7A00668501 /* longform */ = {
			isa = PBXNativeTarget;
			buildConfigurationList = 04D077D31E047E7A00668501 /* Build configuration list for PBXNativeTarget "longform" */;
			buildPhases = (
				97E4478DE615242C1B4BF559 /* [CP] Check Pods Manifest.lock */,
				04D077BD1E047E7A00668501 /* Sources */,
				04D077BE1E047E7A00668501 /* Frameworks */,
				04D077BF1E047E7A00668501 /* Resources */,
				E0808392D17421704E488F6F /* [CP] Embed Pods Frameworks */,
				769D868E68E024685BCEFA99 /* [CP] Copy Pods Resources */,
			);
			buildRules = (
			);
			dependencies = (
			);
			name = longform;
			productName = longform;
			productReference = 04D077C11E047E7A00668501 /* longform.app */;
			productType = "com.apple.product-type.application";
		};
/* End PBXNativeTarget section */

/* Begin PBXProject section */
		04D077B91E047E7A00668501 /* Project object */ = {
			isa = PBXProject;
			attributes = {
				LastSwiftUpdateCheck = 0820;
				LastUpgradeCheck = 0820;
				ORGANIZATIONNAME = "This Agora";
				TargetAttributes = {
					04D077C01E047E7A00668501 = {
						CreatedOnToolsVersion = 8.2;
						ProvisioningStyle = Automatic;
					};
				};
			};
			buildConfigurationList = 04D077BC1E047E7A00668501 /* Build configuration list for PBXProject "longform" */;
			compatibilityVersion = "Xcode 3.2";
			developmentRegion = English;
			hasScannedForEncodings = 0;
			knownRegions = (
				en,
				Base,
			);
			mainGroup = 04D077B81E047E7A00668501;
			productRefGroup = 04D077C21E047E7A00668501 /* Products */;
			projectDirPath = "";
			projectRoot = "";
			targets = (
				04D077C01E047E7A00668501 /* longform */,
			);
		};
/* End PBXProject section */

/* Begin PBXResourcesBuildPhase section */
		04D077BF1E047E7A00668501 /* Resources */ = {
			isa = PBXResourcesBuildPhase;
			buildActionMask = 2147483647;
			files = (
				04D077CF1E047E7A00668501 /* LaunchScreen.storyboard in Resources */,
				04D077CC1E047E7A00668501 /* Assets.xcassets in Resources */,
				04D077CA1E047E7A00668501 /* Main.storyboard in Resources */,
			);
			runOnlyForDeploymentPostprocessing = 0;
		};
/* End PBXResourcesBuildPhase section */

/* Begin PBXShellScriptBuildPhase section */
		769D868E68E024685BCEFA99 /* [CP] Copy Pods Resources */ = {
			isa = PBXShellScriptBuildPhase;
			buildActionMask = 2147483647;
			files = (
			);
			inputPaths = (
			);
			name = "[CP] Copy Pods Resources";
			outputPaths = (
			);
			runOnlyForDeploymentPostprocessing = 0;
			shellPath = /bin/sh;
			shellScript = "\"${SRCROOT}/Pods/Target Support Files/Pods-longform/Pods-longform-resources.sh\"\n";
			showEnvVarsInLog = 0;
		};
		97E4478DE615242C1B4BF559 /* [CP] Check Pods Manifest.lock */ = {
			isa = PBXShellScriptBuildPhase;
			buildActionMask = 2147483647;
			files = (
			);
			inputPaths = (
			);
			name = "[CP] Check Pods Manifest.lock";
			outputPaths = (
			);
			runOnlyForDeploymentPostprocessing = 0;
			shellPath = /bin/sh;
			shellScript = "diff \"${PODS_ROOT}/../Podfile.lock\" \"${PODS_ROOT}/Manifest.lock\" > /dev/null\nif [ $? != 0 ] ; then\n    # print error to STDERR\n    echo \"error: The sandbox is not in sync with the Podfile.lock. Run 'pod install' or update your CocoaPods installation.\" >&2\n    exit 1\nfi\n";
			showEnvVarsInLog = 0;
		};
		E0808392D17421704E488F6F /* [CP] Embed Pods Frameworks */ = {
			isa = PBXShellScriptBuildPhase;
			buildActionMask = 2147483647;
			files = (
			);
			inputPaths = (
			);
			name = "[CP] Embed Pods Frameworks";
			outputPaths = (
			);
			runOnlyForDeploymentPostprocessing = 0;
			shellPath = /bin/sh;
			shellScript = "\"${SRCROOT}/Pods/Target Support Files/Pods-longform/Pods-longform-frameworks.sh\"\n";
			showEnvVarsInLog = 0;
		};
/* End PBXShellScriptBuildPhase section */

/* Begin PBXSourcesBuildPhase section */
		04D077BD1E047E7A00668501 /* Sources */ = {
			isa = PBXSourcesBuildPhase;
			buildActionMask = 2147483647;
			files = (
				049574461E053558005AC19D /* Player.swift in Sources */,
				049574441E0514E6005AC19D /* ShuffleManager.swift in Sources */,
				04D077C71E047E7A00668501 /* ViewController.swift in Sources */,
				04D077C51E047E7A00668501 /* AppDelegate.swift in Sources */,
			);
			runOnlyForDeploymentPostprocessing = 0;
		};
/* End PBXSourcesBuildPhase section */

/* Begin PBXVariantGroup section */
		04D077C81E047E7A00668501 /* Main.storyboard */ = {
			isa = PBXVariantGroup;
			children = (
				04D077C91E047E7A00668501 /* Base */,
			);
			name = Main.storyboard;
			sourceTree = "<group>";
		};
		04D077CD1E047E7A00668501 /* LaunchScreen.storyboard */ = {
			isa = PBXVariantGroup;
			children = (
				04D077CE1E047E7A00668501 /* Base */,
			);
			name = LaunchScreen.storyboard;
			sourceTree = "<group>";
		};
/* End PBXVariantGroup section */

/* Begin XCBuildConfiguration section */
		04D077D11E047E7A00668501 /* Debug */ = {
			isa = XCBuildConfiguration;
			buildSettings = {
				ALWAYS_SEARCH_USER_PATHS = NO;
				CLANG_ANALYZER_NONNULL = YES;
				CLANG_CXX_LANGUAGE_STANDARD = "gnu++0x";
				CLANG_CXX_LIBRARY = "libc++";
				CLANG_ENABLE_MODULES = YES;
				CLANG_ENABLE_OBJC_ARC = YES;
				CLANG_WARN_BOOL_CONVERSION = YES;
				CLANG_WARN_CONSTANT_CONVERSION = YES;
				CLANG_WARN_DIRECT_OBJC_ISA_USAGE = YES_ERROR;
				CLANG_WARN_DOCUMENTATION_COMMENTS = YES;
				CLANG_WARN_EMPTY_BODY = YES;
				CLANG_WARN_ENUM_CONVERSION = YES;
				CLANG_WARN_INFINITE_RECURSION = YES;
				CLANG_WARN_INT_CONVERSION = YES;
				CLANG_WARN_OBJC_ROOT_CLASS = YES_ERROR;
				CLANG_WARN_SUSPICIOUS_MOVE = YES;
				CLANG_WARN_UNREACHABLE_CODE = YES;
				CLANG_WARN__DUPLICATE_METHOD_MATCH = YES;
				"CODE_SIGN_IDENTITY[sdk=iphoneos*]" = "iPhone Developer";
				COPY_PHASE_STRIP = NO;
				DEBUG_INFORMATION_FORMAT = dwarf;
				ENABLE_STRICT_OBJC_MSGSEND = YES;
				ENABLE_TESTABILITY = YES;
				GCC_C_LANGUAGE_STANDARD = gnu99;
				GCC_DYNAMIC_NO_PIC = NO;
				GCC_NO_COMMON_BLOCKS = YES;
				GCC_OPTIMIZATION_LEVEL = 0;
				GCC_PREPROCESSOR_DEFINITIONS = (
					"DEBUG=1",
					"$(inherited)",
				);
				GCC_WARN_64_TO_32_BIT_CONVERSION = YES;
				GCC_WARN_ABOUT_RETURN_TYPE = YES_ERROR;
				GCC_WARN_UNDECLARED_SELECTOR = YES;
				GCC_WARN_UNINITIALIZED_AUTOS = YES_AGGRESSIVE;
				GCC_WARN_UNUSED_FUNCTION = YES;
				GCC_WARN_UNUSED_VARIABLE = YES;
				IPHONEOS_DEPLOYMENT_TARGET = 10.2;
				MTL_ENABLE_DEBUG_INFO = YES;
				ONLY_ACTIVE_ARCH = YES;
				SDKROOT = iphoneos;
				SWIFT_ACTIVE_COMPILATION_CONDITIONS = DEBUG;
				SWIFT_OPTIMIZATION_LEVEL = "-Onone";
				TARGETED_DEVICE_FAMILY = "1,2";
			};
			name = Debug;
		};
		04D077D21E047E7A00668501 /* Release */ = {
			isa = XCBuildConfiguration;
			buildSettings = {
				ALWAYS_SEARCH_USER_PATHS = NO;
				CLANG_ANALYZER_NONNULL = YES;
				CLANG_CXX_LANGUAGE_STANDARD = "gnu++0x";
				CLANG_CXX_LIBRARY = "libc++";
				CLANG_ENABLE_MODULES = YES;
				CLANG_ENABLE_OBJC_ARC = YES;
				CLANG_WARN_BOOL_CONVERSION = YES;
				CLANG_WARN_CONSTANT_CONVERSION = YES;
				CLANG_WARN_DIRECT_OBJC_ISA_USAGE = YES_ERROR;
				CLANG_WARN_DOCUMENTATION_COMMENTS = YES;
				CLANG_WARN_EMPTY_BODY = YES;
				CLANG_WARN_ENUM_CONVERSION = YES;
				CLANG_WARN_INFINITE_RECURSION = YES;
				CLANG_WARN_INT_CONVERSION = YES;
				CLANG_WARN_OBJC_ROOT_CLASS = YES_ERROR;
				CLANG_WARN_SUSPICIOUS_MOVE = YES;
				CLANG_WARN_UNREACHABLE_CODE = YES;
				CLANG_WARN__DUPLICATE_METHOD_MATCH = YES;
				"CODE_SIGN_IDENTITY[sdk=iphoneos*]" = "iPhone Developer";
				COPY_PHASE_STRIP = NO;
				DEBUG_INFORMATION_FORMAT = "dwarf-with-dsym";
				ENABLE_NS_ASSERTIONS = NO;
				ENABLE_STRICT_OBJC_MSGSEND = YES;
				GCC_C_LANGUAGE_STANDARD = gnu99;
				GCC_NO_COMMON_BLOCKS = YES;
				GCC_WARN_64_TO_32_BIT_CONVERSION = YES;
				GCC_WARN_ABOUT_RETURN_TYPE = YES_ERROR;
				GCC_WARN_UNDECLARED_SELECTOR = YES;
				GCC_WARN_UNINITIALIZED_AUTOS = YES_AGGRESSIVE;
				GCC_WARN_UNUSED_FUNCTION = YES;
				GCC_WARN_UNUSED_VARIABLE = YES;
				IPHONEOS_DEPLOYMENT_TARGET = 10.2;
				MTL_ENABLE_DEBUG_INFO = NO;
				SDKROOT = iphoneos;
				SWIFT_OPTIMIZATION_LEVEL = "-Owholemodule";
				TARGETED_DEVICE_FAMILY = "1,2";
				VALIDATE_PRODUCT = YES;
			};
			name = Release;
		};
		04D077D41E047E7A00668501 /* Debug */ = {
			isa = XCBuildConfiguration;
			baseConfigurationReference = 803EB5D6DBB2B7A4F16B15B8 /* Pods-longform.debug.xcconfig */;
			buildSettings = {
				ASSETCATALOG_COMPILER_APPICON_NAME = AppIcon;
				INFOPLIST_FILE = longform/Info.plist;
				LD_RUNPATH_SEARCH_PATHS = "$(inherited) @executable_path/Frameworks";
				PRODUCT_BUNDLE_IDENTIFIER = thisagora.longform;
				PRODUCT_NAME = "$(TARGET_NAME)";
				SWIFT_VERSION = 3.0;
			};
			name = Debug;
		};
		04D077D51E047E7A00668501 /* Release */ = {
			isa = XCBuildConfiguration;
			baseConfigurationReference = 25B4666167AE9D19127C30EE /* Pods-longform.release.xcconfig */;
			buildSettings = {
				ASSETCATALOG_COMPILER_APPICON_NAME = AppIcon;
				INFOPLIST_FILE = longform/Info.plist;
				LD_RUNPATH_SEARCH_PATHS = "$(inherited) @executable_path/Frameworks";
				PRODUCT_BUNDLE_IDENTIFIER = thisagora.longform;
				PRODUCT_NAME = "$(TARGET_NAME)";
				SWIFT_VERSION = 3.0;
			};
			name = Release;
		};
/* End XCBuildConfiguration section */

/* Begin XCConfigurationList section */
		04D077BC1E047E7A00668501 /* Build configuration list for PBXProject "longform" */ = {
			isa = XCConfigurationList;
			buildConfigurations = (
				04D077D11E047E7A00668501 /* Debug */,
				04D077D21E047E7A00668501 /* Release */,
			);
			defaultConfigurationIsVisible = 0;
			defaultConfigurationName = Release;
		};
		04D077D31E047E7A00668501 /* Build configuration list for PBXNativeTarget "longform" */ = {
			isa = XCConfigurationList;
			buildConfigurations = (
				04D077D41E047E7A00668501 /* Debug */,
				04D077D51E047E7A00668501 /* Release */,
			);
			defaultConfigurationIsVisible = 0;
			defaultConfigurationName = Release;
		};
/* End XCConfigurationList section */
	};
	rootObject = 04D077B91E047E7A00668501 /* Project object */;
}
